
Microsoft Visual Studio Solution File, Format Version 12.00
# Visual Studio Version 17
VisualStudioVersion = 17.0.31903.59
MinimumVisualStudioVersion = 10.0.40219.1
Project("{2150E333-8FDC-42A3-9474-1A3956D46DE8}") = "Domain", "Domain", "{49EA044B-82A4-42F6-B6EF-8FB147563043}"
EndProject
Project("{2150E333-8FDC-42A3-9474-1A3956D46DE8}") = "Infrastructure", "Infrastructure", "{AFF9D14A-8727-4B7C-B43C-E24E52B27B22}"
EndProject
Project("{2150E333-8FDC-42A3-9474-1A3956D46DE8}") = "Application", "Application", "{A6008EB6-49C1-4D81-9528-2CD035AA2A83}"
EndProject
Project("{2150E333-8FDC-42A3-9474-1A3956D46DE8}") = "Apps", "Apps", "{B4F9D9C3-2399-43AF-886C-75ECC9B51324}"
EndProject
Project("{9A19103F-16F7-4668-BE54-9A1E7A4F7556}") = "TaskManager.Domain", "TaskManager.Domain\TaskManager.Domain.csproj", "{0D413096-61C9-4868-BBF5-F5013E08380A}"
EndProject
Project("{9A19103F-16F7-4668-BE54-9A1E7A4F7556}") = "TaskManager.Domain.Common", "TaskManager.Domain.Common\TaskManager.Domain.Common.csproj", "{79583786-5BF2-44BC-887E-883EACCAE85F}"
EndProject
Project("{9A19103F-16F7-4668-BE54-9A1E7A4F7556}") = "TaskManager.Application", "TaskManager.Application\TaskManager.Application.csproj", "{95ADE218-3021-4D2E-AAE1-2B152A465E19}"
EndProject
Project("{9A19103F-16F7-4668-BE54-9A1E7A4F7556}") = "TaskManager.Application.Common", "TaskManager.Application.Common\TaskManager.Application.Common.csproj", "{3E84D3F7-FB8A-462C-9878-8D4F434B5ECD}"
EndProject
Project("{9A19103F-16F7-4668-BE54-9A1E7A4F7556}") = "TaskManager.Apps.API", "TaskManager.Apps.API\TaskManager.Apps.API.csproj", "{C476B2A6-7F94-433B-968D-4A407074024E}"
EndProject
Project("{9A19103F-16F7-4668-BE54-9A1E7A4F7556}") = "TaskManager.Infrastructure.DB", "TaskManager.Infrastructure.DB\TaskManager.Infrastructure.DB.csproj", "{FEF09E87-958E-4A42-B484-51A4A8229010}"
EndProject
Project("{9A19103F-16F7-4668-BE54-9A1E7A4F7556}") = "TaskManager.Infrastructure.Repositories", "TaskManager.Infrastructure.Repositories\TaskManager.Infrastructure.Repositories.csproj", "{AB591433-38F9-4BBD-BA2C-F7153912A6BC}"
EndProject
Project("{2150E333-8FDC-42A3-9474-1A3956D46DE8}") = "Tests", "Tests", "{F1723D0F-BCE2-435A-A553-F71A5E45AA02}"
EndProject
Project("{FAE04EC0-301F-11D3-BF4B-00C04F79EFBC}") = "TaskManager.Domain.Tests", "TaskManager.Domain.Tests\TaskManager.Domain.Tests.csproj", "{ED37897E-A61B-4E96-8918-06AD8AC33260}"
EndProject
Global
	GlobalSection(SolutionConfigurationPlatforms) = preSolution
		Debug|Any CPU = Debug|Any CPU
		Release|Any CPU = Release|Any CPU
	EndGlobalSection
	GlobalSection(ProjectConfigurationPlatforms) = postSolution
		{0D413096-61C9-4868-BBF5-F5013E08380A}.Debug|Any CPU.ActiveCfg = Debug|Any CPU
		{0D413096-61C9-4868-BBF5-F5013E08380A}.Debug|Any CPU.Build.0 = Debug|Any CPU
		{0D413096-61C9-4868-BBF5-F5013E08380A}.Release|Any CPU.ActiveCfg = Release|Any CPU
		{0D413096-61C9-4868-BBF5-F5013E08380A}.Release|Any CPU.Build.0 = Release|Any CPU
		{79583786-5BF2-44BC-887E-883EACCAE85F}.Debug|Any CPU.ActiveCfg = Debug|Any CPU
		{79583786-5BF2-44BC-887E-883EACCAE85F}.Debug|Any CPU.Build.0 = Debug|Any CPU
		{79583786-5BF2-44BC-887E-883EACCAE85F}.Release|Any CPU.ActiveCfg = Release|Any CPU
		{79583786-5BF2-44BC-887E-883EACCAE85F}.Release|Any CPU.Build.0 = Release|Any CPU
		{95ADE218-3021-4D2E-AAE1-2B152A465E19}.Debug|Any CPU.ActiveCfg = Debug|Any CPU
		{95ADE218-3021-4D2E-AAE1-2B152A465E19}.Debug|Any CPU.Build.0 = Debug|Any CPU
		{95ADE218-3021-4D2E-AAE1-2B152A465E19}.Release|Any CPU.ActiveCfg = Release|Any CPU
		{95ADE218-3021-4D2E-AAE1-2B152A465E19}.Release|Any CPU.Build.0 = Release|Any CPU
		{3E84D3F7-FB8A-462C-9878-8D4F434B5ECD}.Debug|Any CPU.ActiveCfg = Debug|Any CPU
		{3E84D3F7-FB8A-462C-9878-8D4F434B5ECD}.Debug|Any CPU.Build.0 = Debug|Any CPU
		{3E84D3F7-FB8A-462C-9878-8D4F434B5ECD}.Release|Any CPU.ActiveCfg = Release|Any CPU
		{3E84D3F7-FB8A-462C-9878-8D4F434B5ECD}.Release|Any CPU.Build.0 = Release|Any CPU
		{C476B2A6-7F94-433B-968D-4A407074024E}.Debug|Any CPU.ActiveCfg = Debug|Any CPU
		{C476B2A6-7F94-433B-968D-4A407074024E}.Debug|Any CPU.Build.0 = Debug|Any CPU
		{C476B2A6-7F94-433B-968D-4A407074024E}.Release|Any CPU.ActiveCfg = Release|Any CPU
		{C476B2A6-7F94-433B-968D-4A407074024E}.Release|Any CPU.Build.0 = Release|Any CPU
		{FEF09E87-958E-4A42-B484-51A4A8229010}.Debug|Any CPU.ActiveCfg = Debug|Any CPU
		{FEF09E87-958E-4A42-B484-51A4A8229010}.Debug|Any CPU.Build.0 = Debug|Any CPU
		{FEF09E87-958E-4A42-B484-51A4A8229010}.Release|Any CPU.ActiveCfg = Release|Any CPU
		{FEF09E87-958E-4A42-B484-51A4A8229010}.Release|Any CPU.Build.0 = Release|Any CPU
		{AB591433-38F9-4BBD-BA2C-F7153912A6BC}.Debug|Any CPU.ActiveCfg = Debug|Any CPU
		{AB591433-38F9-4BBD-BA2C-F7153912A6BC}.Debug|Any CPU.Build.0 = Debug|Any CPU
		{AB591433-38F9-4BBD-BA2C-F7153912A6BC}.Release|Any CPU.ActiveCfg = Release|Any CPU
		{AB591433-38F9-4BBD-BA2C-F7153912A6BC}.Release|Any CPU.Build.0 = Release|Any CPU
		{ED37897E-A61B-4E96-8918-06AD8AC33260}.Debug|Any CPU.ActiveCfg = Debug|Any CPU
		{ED37897E-A61B-4E96-8918-06AD8AC33260}.Debug|Any CPU.Build.0 = Debug|Any CPU
		{ED37897E-A61B-4E96-8918-06AD8AC33260}.Release|Any CPU.ActiveCfg = Release|Any CPU
		{ED37897E-A61B-4E96-8918-06AD8AC33260}.Release|Any CPU.Build.0 = Release|Any CPU
	EndGlobalSection
	GlobalSection(SolutionProperties) = preSolution
		HideSolutionNode = FALSE
	EndGlobalSection
	GlobalSection(NestedProjects) = preSolution
		{0D413096-61C9-4868-BBF5-F5013E08380A} = {49EA044B-82A4-42F6-B6EF-8FB147563043}
		{79583786-5BF2-44BC-887E-883EACCAE85F} = {49EA044B-82A4-42F6-B6EF-8FB147563043}
		{95ADE218-3021-4D2E-AAE1-2B152A465E19} = {A6008EB6-49C1-4D81-9528-2CD035AA2A83}
		{3E84D3F7-FB8A-462C-9878-8D4F434B5ECD} = {A6008EB6-49C1-4D81-9528-2CD035AA2A83}
		{C476B2A6-7F94-433B-968D-4A407074024E} = {B4F9D9C3-2399-43AF-886C-75ECC9B51324}
		{FEF09E87-958E-4A42-B484-51A4A8229010} = {AFF9D14A-8727-4B7C-B43C-E24E52B27B22}
		{AB591433-38F9-4BBD-BA2C-F7153912A6BC} = {AFF9D14A-8727-4B7C-B43C-E24E52B27B22}
		{ED37897E-A61B-4E96-8918-06AD8AC33260} = {F1723D0F-BCE2-435A-A553-F71A5E45AA02}
	EndGlobalSection
	GlobalSection(ExtensibilityGlobals) = postSolution
		SolutionGuid = {35F8DE63-C9DD-4DD7-BA1C-FB5F12DF699E}
	EndGlobalSection
EndGlobal
